
Microsoft Visual Studio Solution File, Format Version 12.00
# Visual Studio Version 16
VisualStudioVersion = 16.0.31911.196
MinimumVisualStudioVersion = 10.0.40219.1
Project("{FAE04EC0-301F-11D3-BF4B-00C04F79EFBC}") = "BillingClient", "BillingClient.csproj", "{C525B4DD-177A-40FE-BDB8-E6655D7BB9DD}"
EndProject
Global
	GlobalSection(SolutionConfigurationPlatforms) = preSolution
		Debug|Any CPU = Debug|Any CPU
		Release|Any CPU = Release|Any CPU
	EndGlobalSection
	GlobalSection(ProjectConfigurationPlatforms) = postSolution
		{C525B4DD-177A-40FE-BDB8-E6655D7BB9DD}.Debug|Any CPU.ActiveCfg = Debug|Any CPU
		{C525B4DD-177A-40FE-BDB8-E6655D7BB9DD}.Debug|Any CPU.Build.0 = Debug|Any CPU
		{C525B4DD-177A-40FE-BDB8-E6655D7BB9DD}.Release|Any CPU.ActiveCfg = Release|Any CPU
		{C525B4DD-177A-40FE-BDB8-E6655D7BB9DD}.Release|Any CPU.Build.0 = Release|Any CPU
	EndGlobalSection
	GlobalSection(SolutionProperties) = preSolution
		HideSolutionNode = FALSE
	EndGlobalSection
	GlobalSection(ExtensibilityGlobals) = postSolution
		SolutionGuid = {8955A0DB-7EAC-482A-9B8D-05F34C5534BC}
	EndGlobalSection
EndGlobal
